
Microsoft Visual Studio Solution File, Format Version 12.00
# Visual Studio Version 16
VisualStudioVersion = 16.0.31410.357
MinimumVisualStudioVersion = 10.0.40219.1
Project("{FAE04EC0-301F-11D3-BF4B-00C04F79EFBC}") = "BigSchool", "BigSchool\BigSchool.csproj", "{01CA106C-0B2A-4194-B142-C6E304574E9A}"
EndProject
Global
	GlobalSection(SolutionConfigurationPlatforms) = preSolution
		Debug|Any CPU = Debug|Any CPU
		Release|Any CPU = Release|Any CPU
	EndGlobalSection
	GlobalSection(ProjectConfigurationPlatforms) = postSolution
		{01CA106C-0B2A-4194-B142-C6E304574E9A}.Debug|Any CPU.ActiveCfg = Debug|Any CPU
		{01CA106C-0B2A-4194-B142-C6E304574E9A}.Debug|Any CPU.Build.0 = Debug|Any CPU
		{01CA106C-0B2A-4194-B142-C6E304574E9A}.Release|Any CPU.ActiveCfg = Release|Any CPU
		{01CA106C-0B2A-4194-B142-C6E304574E9A}.Release|Any CPU.Build.0 = Release|Any CPU
	EndGlobalSection
	GlobalSection(SolutionProperties) = preSolution
		HideSolutionNode = FALSE
	EndGlobalSection
	GlobalSection(ExtensibilityGlobals) = postSolution
		SolutionGuid = {8D2E14C4-DE89-449D-A368-A9E3E83C4A99}
	EndGlobalSection
EndGlobal
